
Microsoft Visual Studio Solution File, Format Version 12.00
# Visual Studio Version 17
VisualStudioVersion = 17.10.35013.160
MinimumVisualStudioVersion = 10.0.40219.1
Project("{FAE04EC0-301F-11D3-BF4B-00C04F79EFBC}") = "Tickets_Data_Aggregator", "Tickets_Data_Aggregator\Tickets_Data_Aggregator.csproj", "{F25E1F40-E71A-46CB-B061-66E1E02F874F}"
EndProject
Global
	GlobalSection(SolutionConfigurationPlatforms) = preSolution
		Debug|Any CPU = Debug|Any CPU
		Release|Any CPU = Release|Any CPU
	EndGlobalSection
	GlobalSection(ProjectConfigurationPlatforms) = postSolution
		{F25E1F40-E71A-46CB-B061-66E1E02F874F}.Debug|Any CPU.ActiveCfg = Debug|Any CPU
		{F25E1F40-E71A-46CB-B061-66E1E02F874F}.Debug|Any CPU.Build.0 = Debug|Any CPU
		{F25E1F40-E71A-46CB-B061-66E1E02F874F}.Release|Any CPU.ActiveCfg = Release|Any CPU
		{F25E1F40-E71A-46CB-B061-66E1E02F874F}.Release|Any CPU.Build.0 = Release|Any CPU
	EndGlobalSection
	GlobalSection(SolutionProperties) = preSolution
		HideSolutionNode = FALSE
	EndGlobalSection
	GlobalSection(ExtensibilityGlobals) = postSolution
		SolutionGuid = {B48844DB-F652-41C3-A18B-DF55C5CA575A}
	EndGlobalSection
EndGlobal
